
Microsoft Visual Studio Solution File, Format Version 12.00
# Visual Studio Version 17
VisualStudioVersion = 17.10.34928.147
MinimumVisualStudioVersion = 10.0.40219.1
Project("{FAE04EC0-301F-11D3-BF4B-00C04F79EFBC}") = "Dictionnaires", "Dictionnaires\Dictionnaires.csproj", "{86187367-B5A7-467A-B033-031E81486160}"
EndProject
Global
	GlobalSection(SolutionConfigurationPlatforms) = preSolution
		Debug|Any CPU = Debug|Any CPU
		Release|Any CPU = Release|Any CPU
	EndGlobalSection
	GlobalSection(ProjectConfigurationPlatforms) = postSolution
		{86187367-B5A7-467A-B033-031E81486160}.Debug|Any CPU.ActiveCfg = Debug|Any CPU
		{86187367-B5A7-467A-B033-031E81486160}.Debug|Any CPU.Build.0 = Debug|Any CPU
		{86187367-B5A7-467A-B033-031E81486160}.Release|Any CPU.ActiveCfg = Release|Any CPU
		{86187367-B5A7-467A-B033-031E81486160}.Release|Any CPU.Build.0 = Release|Any CPU
	EndGlobalSection
	GlobalSection(SolutionProperties) = preSolution
		HideSolutionNode = FALSE
	EndGlobalSection
	GlobalSection(ExtensibilityGlobals) = postSolution
		SolutionGuid = {28CF366A-B1C9-4645-952A-A033AD0C1CFE}
	EndGlobalSection
EndGlobal
